// !$*UTF8*$!
{
	archiveVersion = 1;
	classes = {
	};
	objectVersion = 55;
	objects = {

/* Begin PBXBuildFile section */
		61D2D1E98106F0A56A796CA8 /* Pods_FirePerfectProject.framework in Frameworks */ = {isa = PBXBuildFile; fileRef = B09FBC609696E4E412A863EB /* Pods_FirePerfectProject.framework */; };
		8913F5482839723D00E80FC0 /* Contact.swift in Sources */ = {isa = PBXBuildFile; fileRef = 8913F5472839723D00E80FC0 /* Contact.swift */; };
		8913F54A2839728700E80FC0 /* RealTimeStore.swift in Sources */ = {isa = PBXBuildFile; fileRef = 8913F5492839728700E80FC0 /* RealTimeStore.swift */; };
		8913F54D2839771600E80FC0 /* ItemContact.swift in Sources */ = {isa = PBXBuildFile; fileRef = 8913F54C2839771600E80FC0 /* ItemContact.swift */; };
		89D7802E283B937500E0EBF5 /* StorageStore.swift in Sources */ = {isa = PBXBuildFile; fileRef = 89D7802D283B937500E0EBF5 /* StorageStore.swift */; };
		89D78031283B9EED00E0EBF5 /* ImagePicker.swift in Sources */ = {isa = PBXBuildFile; fileRef = 89D78030283B9EED00E0EBF5 /* ImagePicker.swift */; };
		89E4EFF028329374007190E9 /* FirePerfectProjectApp.swift in Sources */ = {isa = PBXBuildFile; fileRef = 89E4EFEF28329374007190E9 /* FirePerfectProjectApp.swift */; };
		89E4EFF428329375007190E9 /* Assets.xcassets in Resources */ = {isa = PBXBuildFile; fileRef = 89E4EFF328329375007190E9 /* Assets.xcassets */; };
		89E4EFF728329375007190E9 /* Preview Assets.xcassets in Resources */ = {isa = PBXBuildFile; fileRef = 89E4EFF628329375007190E9 /* Preview Assets.xcassets */; };
		89E4EFF928329375007190E9 /* Persistence.swift in Sources */ = {isa = PBXBuildFile; fileRef = 89E4EFF828329375007190E9 /* Persistence.swift */; };
		89E4EFFC28329375007190E9 /* FirePerfectProject.xcdatamodeld in Sources */ = {isa = PBXBuildFile; fileRef = 89E4EFFA28329375007190E9 /* FirePerfectProject.xcdatamodeld */; };
		89E4F00B283299CB007190E9 /* HomeScreen.swift in Sources */ = {isa = PBXBuildFile; fileRef = 89E4F00A283299CB007190E9 /* HomeScreen.swift */; };
		89E4F00D2832A947007190E9 /* SignUpScreen.swift in Sources */ = {isa = PBXBuildFile; fileRef = 89E4F00C2832A947007190E9 /* SignUpScreen.swift */; };
		89E4F00F2832A951007190E9 /* SignInScreen.swift in Sources */ = {isa = PBXBuildFile; fileRef = 89E4F00E2832A951007190E9 /* SignInScreen.swift */; };
		89E4F0112832A95E007190E9 /* StartScreen.swift in Sources */ = {isa = PBXBuildFile; fileRef = 89E4F0102832A95E007190E9 /* StartScreen.swift */; };
		89E4F0132832ADB1007190E9 /* AddPostScreen.swift in Sources */ = {isa = PBXBuildFile; fileRef = 89E4F0122832ADB1007190E9 /* AddPostScreen.swift */; };
		89E4F0172832AE2A007190E9 /* GoogleService-Info.plist in Resources */ = {isa = PBXBuildFile; fileRef = 89E4F0162832AE2A007190E9 /* GoogleService-Info.plist */; };
		89E4F0192832AF54007190E9 /* User.swift in Sources */ = {isa = PBXBuildFile; fileRef = 89E4F0182832AF54007190E9 /* User.swift */; };
		89E4F01B2832AF75007190E9 /* SessionStore.swift in Sources */ = {isa = PBXBuildFile; fileRef = 89E4F01A2832AF75007190E9 /* SessionStore.swift */; };
/* End PBXBuildFile section */

/* Begin PBXFileReference section */
		6BF8326C1417CD31B0408039 /* Pods-FirePerfectProject.release.xcconfig */ = {isa = PBXFileReference; includeInIndex = 1; lastKnownFileType = text.xcconfig; name = "Pods-FirePerfectProject.release.xcconfig"; path = "Target Support Files/Pods-FirePerfectProject/Pods-FirePerfectProject.release.xcconfig"; sourceTree = "<group>"; };
		8913F5472839723D00E80FC0 /* Contact.swift */ = {isa = PBXFileReference; lastKnownFileType = sourcecode.swift; path = Contact.swift; sourceTree = "<group>"; };
		8913F5492839728700E80FC0 /* RealTimeStore.swift */ = {isa = PBXFileReference; lastKnownFileType = sourcecode.swift; path = RealTimeStore.swift; sourceTree = "<group>"; };
		8913F54C2839771600E80FC0 /* ItemContact.swift */ = {isa = PBXFileReference; lastKnownFileType = sourcecode.swift; path = ItemContact.swift; sourceTree = "<group>"; };
		89D7802D283B937500E0EBF5 /* StorageStore.swift */ = {isa = PBXFileReference; lastKnownFileType = sourcecode.swift; path = StorageStore.swift; sourceTree = "<group>"; };
		89D78030283B9EED00E0EBF5 /* ImagePicker.swift */ = {isa = PBXFileReference; lastKnownFileType = sourcecode.swift; path = ImagePicker.swift; sourceTree = "<group>"; };
		89E4EFEC28329374007190E9 /* FirePerfectProject.app */ = {isa = PBXFileReference; explicitFileType = wrapper.application; includeInIndex = 0; path = FirePerfectProject.app; sourceTree = BUILT_PRODUCTS_DIR; };
		89E4EFEF28329374007190E9 /* FirePerfectProjectApp.swift */ = {isa = PBXFileReference; lastKnownFileType = sourcecode.swift; path = FirePerfectProjectApp.swift; sourceTree = "<group>"; };
		89E4EFF328329375007190E9 /* Assets.xcassets */ = {isa = PBXFileReference; lastKnownFileType = folder.assetcatalog; path = Assets.xcassets; sourceTree = "<group>"; };
		89E4EFF628329375007190E9 /* Preview Assets.xcassets */ = {isa = PBXFileReference; lastKnownFileType = folder.assetcatalog; path = "Preview Assets.xcassets"; sourceTree = "<group>"; };
		89E4EFF828329375007190E9 /* Persistence.swift */ = {isa = PBXFileReference; lastKnownFileType = sourcecode.swift; path = Persistence.swift; sourceTree = "<group>"; };
		89E4EFFB28329375007190E9 /* FirePerfectProject.xcdatamodel */ = {isa = PBXFileReference; lastKnownFileType = wrapper.xcdatamodel; path = FirePerfectProject.xcdatamodel; sourceTree = "<group>"; };
		89E4F00A283299CB007190E9 /* HomeScreen.swift */ = {isa = PBXFileReference; lastKnownFileType = sourcecode.swift; path = HomeScreen.swift; sourceTree = "<group>"; };
		89E4F00C2832A947007190E9 /* SignUpScreen.swift */ = {isa = PBXFileReference; lastKnownFileType = sourcecode.swift; path = SignUpScreen.swift; sourceTree = "<group>"; };
		89E4F00E2832A951007190E9 /* SignInScreen.swift */ = {isa = PBXFileReference; lastKnownFileType = sourcecode.swift; path = SignInScreen.swift; sourceTree = "<group>"; };
		89E4F0102832A95E007190E9 /* StartScreen.swift */ = {isa = PBXFileReference; lastKnownFileType = sourcecode.swift; path = StartScreen.swift; sourceTree = "<group>"; };
		89E4F0122832ADB1007190E9 /* AddPostScreen.swift */ = {isa = PBXFileReference; lastKnownFileType = sourcecode.swift; path = AddPostScreen.swift; sourceTree = "<group>"; };
		89E4F0162832AE2A007190E9 /* GoogleService-Info.plist */ = {isa = PBXFileReference; fileEncoding = 4; lastKnownFileType = text.plist.xml; path = "GoogleService-Info.plist"; sourceTree = "<group>"; };
		89E4F0182832AF54007190E9 /* User.swift */ = {isa = PBXFileReference; lastKnownFileType = sourcecode.swift; path = User.swift; sourceTree = "<group>"; };
		89E4F01A2832AF75007190E9 /* SessionStore.swift */ = {isa = PBXFileReference; lastKnownFileType = sourcecode.swift; path = SessionStore.swift; sourceTree = "<group>"; };
		89F60E7887811578846FA8F6 /* Pods-FirePerfectProject.debug.xcconfig */ = {isa = PBXFileReference; includeInIndex = 1; lastKnownFileType = text.xcconfig; name = "Pods-FirePerfectProject.debug.xcconfig"; path = "Target Support Files/Pods-FirePerfectProject/Pods-FirePerfectProject.debug.xcconfig"; sourceTree = "<group>"; };
		B09FBC609696E4E412A863EB /* Pods_FirePerfectProject.framework */ = {isa = PBXFileReference; explicitFileType = wrapper.framework; includeInIndex = 0; path = Pods_FirePerfectProject.framework; sourceTree = BUILT_PRODUCTS_DIR; };
/* End PBXFileReference section */

/* Begin PBXFrameworksBuildPhase section */
		89E4EFE928329374007190E9 /* Frameworks */ = {
			isa = PBXFrameworksBuildPhase;
			buildActionMask = 2147483647;
			files = (
				61D2D1E98106F0A56A796CA8 /* Pods_FirePerfectProject.framework in Frameworks */,
			);
			runOnlyForDeploymentPostprocessing = 0;
		};
/* End PBXFrameworksBuildPhase section */

/* Begin PBXGroup section */
		8913F54B2839770D00E80FC0 /* items */ = {
			isa = PBXGroup;
			children = (
				8913F54C2839771600E80FC0 /* ItemContact.swift */,
			);
			path = items;
			sourceTree = "<group>";
		};
		89D7802F283B9EE100E0EBF5 /* helper */ = {
			isa = PBXGroup;
			children = (
				89D78030283B9EED00E0EBF5 /* ImagePicker.swift */,
			);
			path = helper;
			sourceTree = "<group>";
		};
		89E4EFE328329373007190E9 = {
			isa = PBXGroup;
			children = (
				89E4EFEE28329374007190E9 /* FirePerfectProject */,
				89E4EFED28329374007190E9 /* Products */,
				E4C8EEF16C3225B930CFCD89 /* Pods */,
				B26C0D396193A6CB497EE22A /* Frameworks */,
			);
			sourceTree = "<group>";
		};
		89E4EFED28329374007190E9 /* Products */ = {
			isa = PBXGroup;
			children = (
				89E4EFEC28329374007190E9 /* FirePerfectProject.app */,
			);
			name = Products;
			sourceTree = "<group>";
		};
		89E4EFEE28329374007190E9 /* FirePerfectProject */ = {
			isa = PBXGroup;
			children = (
				89D7802F283B9EE100E0EBF5 /* helper */,
				8913F54B2839770D00E80FC0 /* items */,
				89E4F0152832ADC7007190E9 /* models */,
				89E4F0142832ADC1007190E9 /* network */,
				89E4F00328329385007190E9 /* controller */,
				89E4EFEF28329374007190E9 /* FirePerfectProjectApp.swift */,
				89E4EFF828329375007190E9 /* Persistence.swift */,
				89E4EFFA28329375007190E9 /* FirePerfectProject.xcdatamodeld */,
				89E4F0162832AE2A007190E9 /* GoogleService-Info.plist */,
				89E4F0022832937E007190E9 /* appUtil */,
				89E4EFF528329375007190E9 /* Preview Content */,
			);
			path = FirePerfectProject;
			sourceTree = "<group>";
		};
		89E4EFF528329375007190E9 /* Preview Content */ = {
			isa = PBXGroup;
			children = (
				89E4EFF628329375007190E9 /* Preview Assets.xcassets */,
			);
			path = "Preview Content";
			sourceTree = "<group>";
		};
		89E4F0022832937E007190E9 /* appUtil */ = {
			isa = PBXGroup;
			children = (
				89E4EFF328329375007190E9 /* Assets.xcassets */,
			);
			path = appUtil;
			sourceTree = "<group>";
		};
		89E4F00328329385007190E9 /* controller */ = {
			isa = PBXGroup;
			children = (
				89E4F009283293C8007190E9 /* posts */,
				89E4F008283293BB007190E9 /* start */,
				89E4F0062832939D007190E9 /* home */,
				89E4F00528329395007190E9 /* signUp */,
				89E4F00428329391007190E9 /* signIn */,
			);
			path = controller;
			sourceTree = "<group>";
		};
		89E4F00428329391007190E9 /* signIn */ = {
			isa = PBXGroup;
			children = (
				89E4F00E2832A951007190E9 /* SignInScreen.swift */,
			);
			path = signIn;
			sourceTree = "<group>";
		};
		89E4F00528329395007190E9 /* signUp */ = {
			isa = PBXGroup;
			children = (
				89E4F00C2832A947007190E9 /* SignUpScreen.swift */,
			);
			path = signUp;
			sourceTree = "<group>";
		};
		89E4F0062832939D007190E9 /* home */ = {
			isa = PBXGroup;
			children = (
				89E4F00A283299CB007190E9 /* HomeScreen.swift */,
			);
			path = home;
			sourceTree = "<group>";
		};
		89E4F008283293BB007190E9 /* start */ = {
			isa = PBXGroup;
			children = (
				89E4F0102832A95E007190E9 /* StartScreen.swift */,
			);
			path = start;
			sourceTree = "<group>";
		};
		89E4F009283293C8007190E9 /* posts */ = {
			isa = PBXGroup;
			children = (
				89E4F0122832ADB1007190E9 /* AddPostScreen.swift */,
			);
			path = posts;
			sourceTree = "<group>";
		};
		89E4F0142832ADC1007190E9 /* network */ = {
			isa = PBXGroup;
			children = (
				89E4F01A2832AF75007190E9 /* SessionStore.swift */,
				8913F5492839728700E80FC0 /* RealTimeStore.swift */,
				89D7802D283B937500E0EBF5 /* StorageStore.swift */,
			);
			path = network;
			sourceTree = "<group>";
		};
		89E4F0152832ADC7007190E9 /* models */ = {
			isa = PBXGroup;
			children = (
				89E4F0182832AF54007190E9 /* User.swift */,
				8913F5472839723D00E80FC0 /* Contact.swift */,
			);
			path = models;
			sourceTree = "<group>";
		};
		B26C0D396193A6CB497EE22A /* Frameworks */ = {
			isa = PBXGroup;
			children = (
				B09FBC609696E4E412A863EB /* Pods_FirePerfectProject.framework */,
			);
			name = Frameworks;
			sourceTree = "<group>";
		};
		E4C8EEF16C3225B930CFCD89 /* Pods */ = {
			isa = PBXGroup;
			children = (
				89F60E7887811578846FA8F6 /* Pods-FirePerfectProject.debug.xcconfig */,
				6BF8326C1417CD31B0408039 /* Pods-FirePerfectProject.release.xcconfig */,
			);
			path = Pods;
			sourceTree = "<group>";
		};
/* End PBXGroup section */

/* Begin PBXNativeTarget section */
		89E4EFEB28329374007190E9 /* FirePerfectProject */ = {
			isa = PBXNativeTarget;
			buildConfigurationList = 89E4EFFF28329375007190E9 /* Build configuration list for PBXNativeTarget "FirePerfectProject" */;
			buildPhases = (
				A7B48FD11F678A59F9A280E7 /* [CP] Check Pods Manifest.lock */,
				89E4EFE828329374007190E9 /* Sources */,
				89E4EFE928329374007190E9 /* Frameworks */,
				89E4EFEA28329374007190E9 /* Resources */,
				A4630A68FAE2ED7F18F9328E /* [CP] Embed Pods Frameworks */,
			);
			buildRules = (
			);
			dependencies = (
			);
			name = FirePerfectProject;
			productName = FirePerfectProject;
			productReference = 89E4EFEC28329374007190E9 /* FirePerfectProject.app */;
			productType = "com.apple.product-type.application";
		};
/* End PBXNativeTarget section */

/* Begin PBXProject section */
		89E4EFE428329373007190E9 /* Project object */ = {
			isa = PBXProject;
			attributes = {
				BuildIndependentTargetsInParallel = 1;
				LastSwiftUpdateCheck = 1330;
				LastUpgradeCheck = 1330;
				TargetAttributes = {
					89E4EFEB28329374007190E9 = {
						CreatedOnToolsVersion = 13.3.1;
					};
				};
			};
			buildConfigurationList = 89E4EFE728329373007190E9 /* Build configuration list for PBXProject "FirePerfectProject" */;
			compatibilityVersion = "Xcode 13.0";
			developmentRegion = en;
			hasScannedForEncodings = 0;
			knownRegions = (
				en,
				Base,
			);
			mainGroup = 89E4EFE328329373007190E9;
			productRefGroup = 89E4EFED28329374007190E9 /* Products */;
			projectDirPath = "";
			projectRoot = "";
			targets = (
				89E4EFEB28329374007190E9 /* FirePerfectProject */,
			);
		};
/* End PBXProject section */

/* Begin PBXResourcesBuildPhase section */
		89E4EFEA28329374007190E9 /* Resources */ = {
			isa = PBXResourcesBuildPhase;
			buildActionMask = 2147483647;
			files = (
				89E4EFF728329375007190E9 /* Preview Assets.xcassets in Resources */,
				89E4EFF428329375007190E9 /* Assets.xcassets in Resources */,
				89E4F0172832AE2A007190E9 /* GoogleService-Info.plist in Resources */,
			);
			runOnlyForDeploymentPostprocessing = 0;
		};
/* End PBXResourcesBuildPhase section */

/* Begin PBXShellScriptBuildPhase section */
		A4630A68FAE2ED7F18F9328E /* [CP] Embed Pods Frameworks */ = {
			isa = PBXShellScriptBuildPhase;
			buildActionMask = 2147483647;
			files = (
			);
			inputFileListPaths = (
				"${PODS_ROOT}/Target Support Files/Pods-FirePerfectProject/Pods-FirePerfectProject-frameworks-${CONFIGURATION}-input-files.xcfilelist",
			);
			name = "[CP] Embed Pods Frameworks";
			outputFileListPaths = (
				"${PODS_ROOT}/Target Support Files/Pods-FirePerfectProject/Pods-FirePerfectProject-frameworks-${CONFIGURATION}-output-files.xcfilelist",
			);
			runOnlyForDeploymentPostprocessing = 0;
			shellPath = /bin/sh;
			shellScript = "\"${PODS_ROOT}/Target Support Files/Pods-FirePerfectProject/Pods-FirePerfectProject-frameworks.sh\"\n";
			showEnvVarsInLog = 0;
		};
		A7B48FD11F678A59F9A280E7 /* [CP] Check Pods Manifest.lock */ = {
			isa = PBXShellScriptBuildPhase;
			buildActionMask = 2147483647;
			files = (
			);
			inputFileListPaths = (
			);
			inputPaths = (
				"${PODS_PODFILE_DIR_PATH}/Podfile.lock",
				"${PODS_ROOT}/Manifest.lock",
			);
			name = "[CP] Check Pods Manifest.lock";
			outputFileListPaths = (
			);
			outputPaths = (
				"$(DERIVED_FILE_DIR)/Pods-FirePerfectProject-checkManifestLockResult.txt",
			);
			runOnlyForDeploymentPostprocessing = 0;
			shellPath = /bin/sh;
			shellScript = "diff \"${PODS_PODFILE_DIR_PATH}/Podfile.lock\" \"${PODS_ROOT}/Manifest.lock\" > /dev/null\nif [ $? != 0 ] ; then\n    # print error to STDERR\n    echo \"error: The sandbox is not in sync with the Podfile.lock. Run 'pod install' or update your CocoaPods installation.\" >&2\n    exit 1\nfi\n# This output is used by Xcode 'outputs' to avoid re-running this script phase.\necho \"SUCCESS\" > \"${SCRIPT_OUTPUT_FILE_0}\"\n";
			showEnvVarsInLog = 0;
		};
/* End PBXShellScriptBuildPhase section */

/* Begin PBXSourcesBuildPhase section */
		89E4EFE828329374007190E9 /* Sources */ = {
			isa = PBXSourcesBuildPhase;
			buildActionMask = 2147483647;
			files = (
				89E4F00D2832A947007190E9 /* SignUpScreen.swift in Sources */,
				89E4F00B283299CB007190E9 /* HomeScreen.swift in Sources */,
				8913F54A2839728700E80FC0 /* RealTimeStore.swift in Sources */,
				89D7802E283B937500E0EBF5 /* StorageStore.swift in Sources */,
				89E4EFF928329375007190E9 /* Persistence.swift in Sources */,
				8913F54D2839771600E80FC0 /* ItemContact.swift in Sources */,
				89E4F0112832A95E007190E9 /* StartScreen.swift in Sources */,
				89E4EFFC28329375007190E9 /* FirePerfectProject.xcdatamodeld in Sources */,
				89E4F0192832AF54007190E9 /* User.swift in Sources */,
				8913F5482839723D00E80FC0 /* Contact.swift in Sources */,
				89E4F01B2832AF75007190E9 /* SessionStore.swift in Sources */,
				89E4F0132832ADB1007190E9 /* AddPostScreen.swift in Sources */,
				89D78031283B9EED00E0EBF5 /* ImagePicker.swift in Sources */,
				89E4EFF028329374007190E9 /* FirePerfectProjectApp.swift in Sources */,
				89E4F00F2832A951007190E9 /* SignInScreen.swift in Sources */,
			);
			runOnlyForDeploymentPostprocessing = 0;
		};
/* End PBXSourcesBuildPhase section */

/* Begin XCBuildConfiguration section */
		89E4EFFD28329375007190E9 /* Debug */ = {
			isa = XCBuildConfiguration;
			buildSettings = {
				ALWAYS_SEARCH_USER_PATHS = NO;
				CLANG_ANALYZER_NONNULL = YES;
				CLANG_ANALYZER_NUMBER_OBJECT_CONVERSION = YES_AGGRESSIVE;
				CLANG_CXX_LANGUAGE_STANDARD = "gnu++17";
				CLANG_ENABLE_MODULES = YES;
				CLANG_ENABLE_OBJC_ARC = YES;
				CLANG_ENABLE_OBJC_WEAK = YES;
				CLANG_WARN_BLOCK_CAPTURE_AUTORELEASING = YES;
				CLANG_WARN_BOOL_CONVERSION = YES;
				CLANG_WARN_COMMA = YES;
				CLANG_WARN_CONSTANT_CONVERSION = YES;
				CLANG_WARN_DEPRECATED_OBJC_IMPLEMENTATIONS = YES;
				CLANG_WARN_DIRECT_OBJC_ISA_USAGE = YES_ERROR;
				CLANG_WARN_DOCUMENTATION_COMMENTS = YES;
				CLANG_WARN_EMPTY_BODY = YES;
				CLANG_WARN_ENUM_CONVERSION = YES;
				CLANG_WARN_INFINITE_RECURSION = YES;
				CLANG_WARN_INT_CONVERSION = YES;
				CLANG_WARN_NON_LITERAL_NULL_CONVERSION = YES;
				CLANG_WARN_OBJC_IMPLICIT_RETAIN_SELF = YES;
				CLANG_WARN_OBJC_LITERAL_CONVERSION = YES;
				CLANG_WARN_OBJC_ROOT_CLASS = YES_ERROR;
				CLANG_WARN_QUOTED_INCLUDE_IN_FRAMEWORK_HEADER = YES;
				CLANG_WARN_RANGE_LOOP_ANALYSIS = YES;
				CLANG_WARN_STRICT_PROTOTYPES = YES;
				CLANG_WARN_SUSPICIOUS_MOVE = YES;
				CLANG_WARN_UNGUARDED_AVAILABILITY = YES_AGGRESSIVE;
				CLANG_WARN_UNREACHABLE_CODE = YES;
				CLANG_WARN__DUPLICATE_METHOD_MATCH = YES;
				COPY_PHASE_STRIP = NO;
				DEBUG_INFORMATION_FORMAT = dwarf;
				ENABLE_STRICT_OBJC_MSGSEND = YES;
				ENABLE_TESTABILITY = YES;
				GCC_C_LANGUAGE_STANDARD = gnu11;
				GCC_DYNAMIC_NO_PIC = NO;
				GCC_NO_COMMON_BLOCKS = YES;
				GCC_OPTIMIZATION_LEVEL = 0;
				GCC_PREPROCESSOR_DEFINITIONS = (
					"DEBUG=1",
					"$(inherited)",
				);
				GCC_WARN_64_TO_32_BIT_CONVERSION = YES;
				GCC_WARN_ABOUT_RETURN_TYPE = YES_ERROR;
				GCC_WARN_UNDECLARED_SELECTOR = YES;
				GCC_WARN_UNINITIALIZED_AUTOS = YES_AGGRESSIVE;
				GCC_WARN_UNUSED_FUNCTION = YES;
				GCC_WARN_UNUSED_VARIABLE = YES;
				IPHONEOS_DEPLOYMENT_TARGET = 15.4;
				MTL_ENABLE_DEBUG_INFO = INCLUDE_SOURCE;
				MTL_FAST_MATH = YES;
				ONLY_ACTIVE_ARCH = YES;
				SDKROOT = iphoneos;
				SWIFT_ACTIVE_COMPILATION_CONDITIONS = DEBUG;
				SWIFT_OPTIMIZATION_LEVEL = "-Onone";
			};
			name = Debug;
		};
		89E4EFFE28329375007190E9 /* Release */ = {
			isa = XCBuildConfiguration;
			buildSettings = {
				ALWAYS_SEARCH_USER_PATHS = NO;
				CLANG_ANALYZER_NONNULL = YES;
				CLANG_ANALYZER_NUMBER_OBJECT_CONVERSION = YES_AGGRESSIVE;
				CLANG_CXX_LANGUAGE_STANDARD = "gnu++17";
				CLANG_ENABLE_MODULES = YES;
				CLANG_ENABLE_OBJC_ARC = YES;
				CLANG_ENABLE_OBJC_WEAK = YES;
				CLANG_WARN_BLOCK_CAPTURE_AUTORELEASING = YES;
				CLANG_WARN_BOOL_CONVERSION = YES;
				CLANG_WARN_COMMA = YES;
				CLANG_WARN_CONSTANT_CONVERSION = YES;
				CLANG_WARN_DEPRECATED_OBJC_IMPLEMENTATIONS = YES;
				CLANG_WARN_DIRECT_OBJC_ISA_USAGE = YES_ERROR;
				CLANG_WARN_DOCUMENTATION_COMMENTS = YES;
				CLANG_WARN_EMPTY_BODY = YES;
				CLANG_WARN_ENUM_CONVERSION = YES;
				CLANG_WARN_INFINITE_RECURSION = YES;
				CLANG_WARN_INT_CONVERSION = YES;
				CLANG_WARN_NON_LITERAL_NULL_CONVERSION = YES;
				CLANG_WARN_OBJC_IMPLICIT_RETAIN_SELF = YES;
				CLANG_WARN_OBJC_LITERAL_CONVERSION = YES;
				CLANG_WARN_OBJC_ROOT_CLASS = YES_ERROR;
				CLANG_WARN_QUOTED_INCLUDE_IN_FRAMEWORK_HEADER = YES;
				CLANG_WARN_RANGE_LOOP_ANALYSIS = YES;
				CLANG_WARN_STRICT_PROTOTYPES = YES;
				CLANG_WARN_SUSPICIOUS_MOVE = YES;
				CLANG_WARN_UNGUARDED_AVAILABILITY = YES_AGGRESSIVE;
				CLANG_WARN_UNREACHABLE_CODE = YES;
				CLANG_WARN__DUPLICATE_METHOD_MATCH = YES;
				COPY_PHASE_STRIP = NO;
				DEBUG_INFORMATION_FORMAT = "dwarf-with-dsym";
				ENABLE_NS_ASSERTIONS = NO;
				ENABLE_STRICT_OBJC_MSGSEND = YES;
				GCC_C_LANGUAGE_STANDARD = gnu11;
				GCC_NO_COMMON_BLOCKS = YES;
				GCC_WARN_64_TO_32_BIT_CONVERSION = YES;
				GCC_WARN_ABOUT_RETURN_TYPE = YES_ERROR;
				GCC_WARN_UNDECLARED_SELECTOR = YES;
				GCC_WARN_UNINITIALIZED_AUTOS = YES_AGGRESSIVE;
				GCC_WARN_UNUSED_FUNCTION = YES;
				GCC_WARN_UNUSED_VARIABLE = YES;
				IPHONEOS_DEPLOYMENT_TARGET = 15.4;
				MTL_ENABLE_DEBUG_INFO = NO;
				MTL_FAST_MATH = YES;
				SDKROOT = iphoneos;
				SWIFT_COMPILATION_MODE = wholemodule;
				SWIFT_OPTIMIZATION_LEVEL = "-O";
				VALIDATE_PRODUCT = YES;
			};
			name = Release;
		};
		89E4F00028329375007190E9 /* Debug */ = {
			isa = XCBuildConfiguration;
			baseConfigurationReference = 89F60E7887811578846FA8F6 /* Pods-FirePerfectProject.debug.xcconfig */;
			buildSettings = {
				ASSETCATALOG_COMPILER_APPICON_NAME = AppIcon;
				ASSETCATALOG_COMPILER_GLOBAL_ACCENT_COLOR_NAME = AccentColor;
				CODE_SIGN_STYLE = Automatic;
				CURRENT_PROJECT_VERSION = 1;
				DEVELOPMENT_ASSET_PATHS = "\"FirePerfectProject/Preview Content\"";
				ENABLE_PREVIEWS = YES;
				GENERATE_INFOPLIST_FILE = YES;
				INFOPLIST_KEY_UIApplicationSceneManifest_Generation = YES;
				INFOPLIST_KEY_UIApplicationSupportsIndirectInputEvents = YES;
				INFOPLIST_KEY_UILaunchScreen_Generation = YES;
				INFOPLIST_KEY_UISupportedInterfaceOrientations_iPad = "UIInterfaceOrientationPortrait UIInterfaceOrientationPortraitUpsideDown UIInterfaceOrientationLandscapeLeft UIInterfaceOrientationLandscapeRight";
				INFOPLIST_KEY_UISupportedInterfaceOrientations_iPhone = "UIInterfaceOrientationPortrait UIInterfaceOrientationLandscapeLeft UIInterfaceOrientationLandscapeRight";
				LD_RUNPATH_SEARCH_PATHS = (
					"$(inherited)",
					"@executable_path/Frameworks",
				);
				MARKETING_VERSION = 1.0;
				PRODUCT_BUNDLE_IDENTIFIER = Apple.FirePerfectProject;
				PRODUCT_NAME = "$(TARGET_NAME)";
				SWIFT_EMIT_LOC_STRINGS = YES;
				SWIFT_VERSION = 5.0;
				TARGETED_DEVICE_FAMILY = "1,2";
			};
			name = Debug;
		};
		89E4F00128329375007190E9 /* Release */ = {
			isa = XCBuildConfiguration;
			baseConfigurationReference = 6BF8326C1417CD31B0408039 /* Pods-FirePerfectProject.release.xcconfig */;
			buildSettings = {
				ASSETCATALOG_COMPILER_APPICON_NAME = AppIcon;
				ASSETCATALOG_COMPILER_GLOBAL_ACCENT_COLOR_NAME = AccentColor;
				CODE_SIGN_STYLE = Automatic;
				CURRENT_PROJECT_VERSION = 1;
				DEVELOPMENT_ASSET_PATHS = "\"FirePerfectProject/Preview Content\"";
				ENABLE_PREVIEWS = YES;
				GENERATE_INFOPLIST_FILE = YES;
				INFOPLIST_KEY_UIApplicationSceneManifest_Generation = YES;
				INFOPLIST_KEY_UIApplicationSupportsIndirectInputEvents = YES;
				INFOPLIST_KEY_UILaunchScreen_Generation = YES;
				INFOPLIST_KEY_UISupportedInterfaceOrientations_iPad = "UIInterfaceOrientationPortrait UIInterfaceOrientationPortraitUpsideDown UIInterfaceOrientationLandscapeLeft UIInterfaceOrientationLandscapeRight";
				INFOPLIST_KEY_UISupportedInterfaceOrientations_iPhone = "UIInterfaceOrientationPortrait UIInterfaceOrientationLandscapeLeft UIInterfaceOrientationLandscapeRight";
				LD_RUNPATH_SEARCH_PATHS = (
					"$(inherited)",
					"@executable_path/Frameworks",
				);
				MARKETING_VERSION = 1.0;
				PRODUCT_BUNDLE_IDENTIFIER = Apple.FirePerfectProject;
				PRODUCT_NAME = "$(TARGET_NAME)";
				SWIFT_EMIT_LOC_STRINGS = YES;
				SWIFT_VERSION = 5.0;
				TARGETED_DEVICE_FAMILY = "1,2";
			};
			name = Release;
		};
/* End XCBuildConfiguration section */

/* Begin XCConfigurationList section */
		89E4EFE728329373007190E9 /* Build configuration list for PBXProject "FirePerfectProject" */ = {
			isa = XCConfigurationList;
			buildConfigurations = (
				89E4EFFD28329375007190E9 /* Debug */,
				89E4EFFE28329375007190E9 /* Release */,
			);
			defaultConfigurationIsVisible = 0;
			defaultConfigurationName = Release;
		};
		89E4EFFF28329375007190E9 /* Build configuration list for PBXNativeTarget "FirePerfectProject" */ = {
			isa = XCConfigurationList;
			buildConfigurations = (
				89E4F00028329375007190E9 /* Debug */,
				89E4F00128329375007190E9 /* Release */,
			);
			defaultConfigurationIsVisible = 0;
			defaultConfigurationName = Release;
		};
/* End XCConfigurationList section */

/* Begin XCVersionGroup section */
		89E4EFFA28329375007190E9 /* FirePerfectProject.xcdatamodeld */ = {
			isa = XCVersionGroup;
			children = (
				89E4EFFB28329375007190E9 /* FirePerfectProject.xcdatamodel */,
			);
			currentVersion = 89E4EFFB28329375007190E9 /* FirePerfectProject.xcdatamodel */;
			path = FirePerfectProject.xcdatamodeld;
			sourceTree = "<group>";
			versionGroupType = wrapper.xcdatamodel;
		};
/* End XCVersionGroup section */
	};
	rootObject = 89E4EFE428329373007190E9 /* Project object */;
}
